
Microsoft Visual Studio Solution File, Format Version 12.00
# Visual Studio Version 16
VisualStudioVersion = 16.0.30225.117
MinimumVisualStudioVersion = 10.0.40219.1
Project("{9A19103F-16F7-4668-BE54-9A1E7A4F7556}") = "GemTracker.Agent", "GemTracker.Agent\GemTracker.Agent.csproj", "{B587CE5F-DCA7-4194-AA4E-54CB0892FDA0}"
EndProject
Project("{9A19103F-16F7-4668-BE54-9A1E7A4F7556}") = "GemTracker.Shared", "GemTracker.Shared\GemTracker.Shared.csproj", "{5DB115E0-91B9-49C0-B14A-F945C90EBBBE}"
EndProject
Global
	GlobalSection(SolutionConfigurationPlatforms) = preSolution
		Debug|Any CPU = Debug|Any CPU
		Release|Any CPU = Release|Any CPU
	EndGlobalSection
	GlobalSection(ProjectConfigurationPlatforms) = postSolution
		{B587CE5F-DCA7-4194-AA4E-54CB0892FDA0}.Debug|Any CPU.ActiveCfg = Debug|Any CPU
		{B587CE5F-DCA7-4194-AA4E-54CB0892FDA0}.Debug|Any CPU.Build.0 = Debug|Any CPU
		{B587CE5F-DCA7-4194-AA4E-54CB0892FDA0}.Release|Any CPU.ActiveCfg = Release|Any CPU
		{B587CE5F-DCA7-4194-AA4E-54CB0892FDA0}.Release|Any CPU.Build.0 = Release|Any CPU
		{5DB115E0-91B9-49C0-B14A-F945C90EBBBE}.Debug|Any CPU.ActiveCfg = Debug|Any CPU
		{5DB115E0-91B9-49C0-B14A-F945C90EBBBE}.Debug|Any CPU.Build.0 = Debug|Any CPU
		{5DB115E0-91B9-49C0-B14A-F945C90EBBBE}.Release|Any CPU.ActiveCfg = Release|Any CPU
		{5DB115E0-91B9-49C0-B14A-F945C90EBBBE}.Release|Any CPU.Build.0 = Release|Any CPU
	EndGlobalSection
	GlobalSection(SolutionProperties) = preSolution
		HideSolutionNode = FALSE
	EndGlobalSection
	GlobalSection(ExtensibilityGlobals) = postSolution
		SolutionGuid = {EB36DEE1-366A-4405-A902-F370188AAF9D}
	EndGlobalSection
EndGlobal
